
Microsoft Visual Studio Solution File, Format Version 12.00
# Visual Studio Version 17
VisualStudioVersion = 17.11.35312.102
MinimumVisualStudioVersion = 10.0.40219.1
Project("{FAE04EC0-301F-11D3-BF4B-00C04F79EFBC}") = "Shapes", "Shapes\Shapes.csproj", "{FA0827A6-A292-45D9-A86D-44637D6DB13A}"
EndProject
Global
	GlobalSection(SolutionConfigurationPlatforms) = preSolution
		Debug|Any CPU = Debug|Any CPU
		Release|Any CPU = Release|Any CPU
	EndGlobalSection
	GlobalSection(ProjectConfigurationPlatforms) = postSolution
		{FA0827A6-A292-45D9-A86D-44637D6DB13A}.Debug|Any CPU.ActiveCfg = Debug|Any CPU
		{FA0827A6-A292-45D9-A86D-44637D6DB13A}.Debug|Any CPU.Build.0 = Debug|Any CPU
		{FA0827A6-A292-45D9-A86D-44637D6DB13A}.Release|Any CPU.ActiveCfg = Release|Any CPU
		{FA0827A6-A292-45D9-A86D-44637D6DB13A}.Release|Any CPU.Build.0 = Release|Any CPU
	EndGlobalSection
	GlobalSection(SolutionProperties) = preSolution
		HideSolutionNode = FALSE
	EndGlobalSection
	GlobalSection(ExtensibilityGlobals) = postSolution
		SolutionGuid = {6B67AC0C-326F-4FC0-97B7-AC945075024F}
	EndGlobalSection
EndGlobal
